
Microsoft Visual Studio Solution File, Format Version 12.00
# Visual Studio Version 17
VisualStudioVersion = 17.7.34024.191
MinimumVisualStudioVersion = 10.0.40219.1
Project("{8BC9CEB8-8B4A-11D0-8D11-00A0C91BC942}") = "Sandbox", "Sandbox\Sandbox.vcxproj", "{EB2AA4C6-129C-44F2-B15F-0D6AF3F68E87}"
EndProject
Project("{8BC9CEB8-8B4A-11D0-8D11-00A0C91BC942}") = "CraftNow", "CraftNow\CraftNow.vcxproj", "{D32355E4-A033-40A3-9C1A-A77038C38A20}"
EndProject
Global
	GlobalSection(SolutionConfigurationPlatforms) = preSolution
		Debug|x64 = Debug|x64
		Release|x64 = Release|x64
	EndGlobalSection
	GlobalSection(ProjectConfigurationPlatforms) = postSolution
		{D32355E4-A033-40A3-9C1A-A77038C38A20}.Debug|x64.ActiveCfg = Debug|x64
		{D32355E4-A033-40A3-9C1A-A77038C38A20}.Debug|x64.Build.0 = Debug|x64
		{D32355E4-A033-40A3-9C1A-A77038C38A20}.Release|x64.ActiveCfg = Release|x64
		{D32355E4-A033-40A3-9C1A-A77038C38A20}.Release|x64.Build.0 = Release|x64
		{EB2AA4C6-129C-44F2-B15F-0D6AF3F68E87}.Debug|x64.ActiveCfg = Debug|x64
		{EB2AA4C6-129C-44F2-B15F-0D6AF3F68E87}.Debug|x64.Build.0 = Debug|x64
		{EB2AA4C6-129C-44F2-B15F-0D6AF3F68E87}.Release|x64.ActiveCfg = Release|x64
		{EB2AA4C6-129C-44F2-B15F-0D6AF3F68E87}.Release|x64.Build.0 = Release|x64
	EndGlobalSection
	GlobalSection(SolutionProperties) = preSolution
		HideSolutionNode = FALSE
	EndGlobalSection
	GlobalSection(ExtensibilityGlobals) = postSolution
		SolutionGuid = {ECD53192-A352-4BA9-85DF-9382D0F956EF}
	EndGlobalSection
EndGlobal
